
Microsoft Visual Studio Solution File, Format Version 12.00
# Visual Studio Version 16
VisualStudioVersion = 16.0.28407.52
MinimumVisualStudioVersion = 10.0.40219.1
Project("{9A19103F-16F7-4668-BE54-9A1E7A4F7556}") = "CHEJ_Shop.Common", "CHEJ_Shop.Common\CHEJ_Shop.Common.csproj", "{0233170B-A41D-43AB-8A46-AF3F08122F03}"
EndProject
Project("{2150E333-8FDC-42A3-9474-1A3956D46DE8}") = "Backend", "Backend", "{58CBF597-9C6A-4148-83CD-36E551B9D34B}"
EndProject
Project("{2150E333-8FDC-42A3-9474-1A3956D46DE8}") = "Frontend", "Frontend", "{0BFF0F82-1039-48B0-B1CD-10324BC795D7}"
EndProject
Project("{9A19103F-16F7-4668-BE54-9A1E7A4F7556}") = "CHEJ_Shop.Web", "CHEJ_Shop.Web\CHEJ_Shop.Web.csproj", "{5862AF04-26C5-4981-A2D8-3238424457DE}"
EndProject
Project("{2150E333-8FDC-42A3-9474-1A3956D46DE8}") = "Forms", "Forms", "{A1E8F300-FA51-47FF-9E23-FC0CCA385239}"
EndProject
Project("{2150E333-8FDC-42A3-9474-1A3956D46DE8}") = "Classic", "Classic", "{4A03810C-1235-439A-95E7-5553E0AF6240}"
EndProject
Project("{FAE04EC0-301F-11D3-BF4B-00C04F79EFBC}") = "CHEJ_Shop.UIForms.UWP", "CHEJ_Shop.UIForms\CHEJ_Shop.UIForms.UWP\CHEJ_Shop.UIForms.UWP.csproj", "{416D205B-3AF7-4E8C-A0D3-FC532AA6FBDE}"
EndProject
Project("{FAE04EC0-301F-11D3-BF4B-00C04F79EFBC}") = "CHEJ_Shop.UIForms.Android", "CHEJ_Shop.UIForms\CHEJ_Shop.UIForms.Android\CHEJ_Shop.UIForms.Android.csproj", "{EEE3CE9B-78DB-4F77-A525-9159E18C6A06}"
EndProject
Project("{FAE04EC0-301F-11D3-BF4B-00C04F79EFBC}") = "CHEJ_Shop.UIForms.iOS", "CHEJ_Shop.UIForms\CHEJ_Shop.UIForms.iOS\CHEJ_Shop.UIForms.iOS.csproj", "{3D3B2C1B-646E-4AE7-A283-D8DE4B3C0D86}"
EndProject
Project("{9A19103F-16F7-4668-BE54-9A1E7A4F7556}") = "CHEJ_Shop.UIForms", "CHEJ_Shop.UIForms\CHEJ_Shop.UIForms\CHEJ_Shop.UIForms.csproj", "{EDBFF2A5-C19A-4F08-B741-D241BC6B2F51}"
EndProject
Project("{2150E333-8FDC-42A3-9474-1A3956D46DE8}") = "Documentation", "Documentation", "{38F08743-37BA-497D-A33B-7314ABD35BEC}"
	ProjectSection(SolutionItems) = preProject
		Backend - Tips.txt = Backend - Tips.txt
	EndProjectSection
EndProject
Project("{2150E333-8FDC-42A3-9474-1A3956D46DE8}") = "Documentation", "Documentation", "{27CD3DB1-D674-4B2D-89DD-008C2C4D9C07}"
	ProjectSection(SolutionItems) = preProject
		Frontend - Tips.txt = Frontend - Tips.txt
	EndProjectSection
EndProject
Project("{FAE04EC0-301F-11D3-BF4B-00C04F79EFBC}") = "CHEJ_Shop.UIClassic.Android", "CHEJ_Shop.UIClassic\CHEJ_Shop.UIClassic.Android\CHEJ_Shop.UIClassic.Android.csproj", "{EF7E5682-4054-4817-B0A4-B0007C6C290B}"
EndProject
Project("{FAE04EC0-301F-11D3-BF4B-00C04F79EFBC}") = "CHEJ_Shop.UIClaissic.iOS", "CHEJ_Shop.UIClassic\CHEJ_Shop.UIClaissic.iOS\CHEJ_Shop.UIClaissic.iOS.csproj", "{2C43B47F-3D07-484E-8809-E644806E44D2}"
EndProject
Global
	GlobalSection(SolutionConfigurationPlatforms) = preSolution
		Ad-Hoc|Any CPU = Ad-Hoc|Any CPU
		Ad-Hoc|ARM = Ad-Hoc|ARM
		Ad-Hoc|iPhone = Ad-Hoc|iPhone
		Ad-Hoc|iPhoneSimulator = Ad-Hoc|iPhoneSimulator
		Ad-Hoc|x64 = Ad-Hoc|x64
		Ad-Hoc|x86 = Ad-Hoc|x86
		AppStore|Any CPU = AppStore|Any CPU
		AppStore|ARM = AppStore|ARM
		AppStore|iPhone = AppStore|iPhone
		AppStore|iPhoneSimulator = AppStore|iPhoneSimulator
		AppStore|x64 = AppStore|x64
		AppStore|x86 = AppStore|x86
		Debug|Any CPU = Debug|Any CPU
		Debug|ARM = Debug|ARM
		Debug|iPhone = Debug|iPhone
		Debug|iPhoneSimulator = Debug|iPhoneSimulator
		Debug|x64 = Debug|x64
		Debug|x86 = Debug|x86
		Release|Any CPU = Release|Any CPU
		Release|ARM = Release|ARM
		Release|iPhone = Release|iPhone
		Release|iPhoneSimulator = Release|iPhoneSimulator
		Release|x64 = Release|x64
		Release|x86 = Release|x86
	EndGlobalSection
	GlobalSection(ProjectConfigurationPlatforms) = postSolution
		{0233170B-A41D-43AB-8A46-AF3F08122F03}.Ad-Hoc|Any CPU.ActiveCfg = Debug|Any CPU
		{0233170B-A41D-43AB-8A46-AF3F08122F03}.Ad-Hoc|Any CPU.Build.0 = Debug|Any CPU
		{0233170B-A41D-43AB-8A46-AF3F08122F03}.Ad-Hoc|ARM.ActiveCfg = Debug|Any CPU
		{0233170B-A41D-43AB-8A46-AF3F08122F03}.Ad-Hoc|ARM.Build.0 = Debug|Any CPU
		{0233170B-A41D-43AB-8A46-AF3F08122F03}.Ad-Hoc|iPhone.ActiveCfg = Debug|Any CPU
		{0233170B-A41D-43AB-8A46-AF3F08122F03}.Ad-Hoc|iPhone.Build.0 = Debug|Any CPU
		{0233170B-A41D-43AB-8A46-AF3F08122F03}.Ad-Hoc|iPhoneSimulator.ActiveCfg = Debug|Any CPU
		{0233170B-A41D-43AB-8A46-AF3F08122F03}.Ad-Hoc|iPhoneSimulator.Build.0 = Debug|Any CPU
		{0233170B-A41D-43AB-8A46-AF3F08122F03}.Ad-Hoc|x64.ActiveCfg = Debug|Any CPU
		{0233170B-A41D-43AB-8A46-AF3F08122F03}.Ad-Hoc|x64.Build.0 = Debug|Any CPU
		{0233170B-A41D-43AB-8A46-AF3F08122F03}.Ad-Hoc|x86.ActiveCfg = Debug|Any CPU
		{0233170B-A41D-43AB-8A46-AF3F08122F03}.Ad-Hoc|x86.Build.0 = Debug|Any CPU
		{0233170B-A41D-43AB-8A46-AF3F08122F03}.AppStore|Any CPU.ActiveCfg = Debug|Any CPU
		{0233170B-A41D-43AB-8A46-AF3F08122F03}.AppStore|Any CPU.Build.0 = Debug|Any CPU
		{0233170B-A41D-43AB-8A46-AF3F08122F03}.AppStore|ARM.ActiveCfg = Debug|Any CPU
		{0233170B-A41D-43AB-8A46-AF3F08122F03}.AppStore|ARM.Build.0 = Debug|Any CPU
		{0233170B-A41D-43AB-8A46-AF3F08122F03}.AppStore|iPhone.ActiveCfg = Debug|Any CPU
		{0233170B-A41D-43AB-8A46-AF3F08122F03}.AppStore|iPhone.Build.0 = Debug|Any CPU
		{0233170B-A41D-43AB-8A46-AF3F08122F03}.AppStore|iPhoneSimulator.ActiveCfg = Debug|Any CPU
		{0233170B-A41D-43AB-8A46-AF3F08122F03}.AppStore|iPhoneSimulator.Build.0 = Debug|Any CPU
		{0233170B-A41D-43AB-8A46-AF3F08122F03}.AppStore|x64.ActiveCfg = Debug|Any CPU
		{0233170B-A41D-43AB-8A46-AF3F08122F03}.AppStore|x64.Build.0 = Debug|Any CPU
		{0233170B-A41D-43AB-8A46-AF3F08122F03}.AppStore|x86.ActiveCfg = Debug|Any CPU
		{0233170B-A41D-43AB-8A46-AF3F08122F03}.AppStore|x86.Build.0 = Debug|Any CPU
		{0233170B-A41D-43AB-8A46-AF3F08122F03}.Debug|Any CPU.ActiveCfg = Debug|Any CPU
		{0233170B-A41D-43AB-8A46-AF3F08122F03}.Debug|Any CPU.Build.0 = Debug|Any CPU
		{0233170B-A41D-43AB-8A46-AF3F08122F03}.Debug|ARM.ActiveCfg = Debug|Any CPU
		{0233170B-A41D-43AB-8A46-AF3F08122F03}.Debug|ARM.Build.0 = Debug|Any CPU
		{0233170B-A41D-43AB-8A46-AF3F08122F03}.Debug|iPhone.ActiveCfg = Debug|Any CPU
		{0233170B-A41D-43AB-8A46-AF3F08122F03}.Debug|iPhone.Build.0 = Debug|Any CPU
		{0233170B-A41D-43AB-8A46-AF3F08122F03}.Debug|iPhoneSimulator.ActiveCfg = Debug|Any CPU
		{0233170B-A41D-43AB-8A46-AF3F08122F03}.Debug|iPhoneSimulator.Build.0 = Debug|Any CPU
		{0233170B-A41D-43AB-8A46-AF3F08122F03}.Debug|x64.ActiveCfg = Debug|Any CPU
		{0233170B-A41D-43AB-8A46-AF3F08122F03}.Debug|x64.Build.0 = Debug|Any CPU
		{0233170B-A41D-43AB-8A46-AF3F08122F03}.Debug|x86.ActiveCfg = Debug|Any CPU
		{0233170B-A41D-43AB-8A46-AF3F08122F03}.Debug|x86.Build.0 = Debug|Any CPU
		{0233170B-A41D-43AB-8A46-AF3F08122F03}.Release|Any CPU.ActiveCfg = Release|Any CPU
		{0233170B-A41D-43AB-8A46-AF3F08122F03}.Release|Any CPU.Build.0 = Release|Any CPU
		{0233170B-A41D-43AB-8A46-AF3F08122F03}.Release|ARM.ActiveCfg = Release|Any CPU
		{0233170B-A41D-43AB-8A46-AF3F08122F03}.Release|ARM.Build.0 = Release|Any CPU
		{0233170B-A41D-43AB-8A46-AF3F08122F03}.Release|iPhone.ActiveCfg = Release|Any CPU
		{0233170B-A41D-43AB-8A46-AF3F08122F03}.Release|iPhone.Build.0 = Release|Any CPU
		{0233170B-A41D-43AB-8A46-AF3F08122F03}.Release|iPhoneSimulator.ActiveCfg = Release|Any CPU
		{0233170B-A41D-43AB-8A46-AF3F08122F03}.Release|iPhoneSimulator.Build.0 = Release|Any CPU
		{0233170B-A41D-43AB-8A46-AF3F08122F03}.Release|x64.ActiveCfg = Release|Any CPU
		{0233170B-A41D-43AB-8A46-AF3F08122F03}.Release|x64.Build.0 = Release|Any CPU
		{0233170B-A41D-43AB-8A46-AF3F08122F03}.Release|x86.ActiveCfg = Release|Any CPU
		{0233170B-A41D-43AB-8A46-AF3F08122F03}.Release|x86.Build.0 = Release|Any CPU
		{5862AF04-26C5-4981-A2D8-3238424457DE}.Ad-Hoc|Any CPU.ActiveCfg = Debug|Any CPU
		{5862AF04-26C5-4981-A2D8-3238424457DE}.Ad-Hoc|Any CPU.Build.0 = Debug|Any CPU
		{5862AF04-26C5-4981-A2D8-3238424457DE}.Ad-Hoc|ARM.ActiveCfg = Debug|Any CPU
		{5862AF04-26C5-4981-A2D8-3238424457DE}.Ad-Hoc|ARM.Build.0 = Debug|Any CPU
		{5862AF04-26C5-4981-A2D8-3238424457DE}.Ad-Hoc|iPhone.ActiveCfg = Debug|Any CPU
		{5862AF04-26C5-4981-A2D8-3238424457DE}.Ad-Hoc|iPhone.Build.0 = Debug|Any CPU
		{5862AF04-26C5-4981-A2D8-3238424457DE}.Ad-Hoc|iPhoneSimulator.ActiveCfg = Debug|Any CPU
		{5862AF04-26C5-4981-A2D8-3238424457DE}.Ad-Hoc|iPhoneSimulator.Build.0 = Debug|Any CPU
		{5862AF04-26C5-4981-A2D8-3238424457DE}.Ad-Hoc|x64.ActiveCfg = Debug|Any CPU
		{5862AF04-26C5-4981-A2D8-3238424457DE}.Ad-Hoc|x64.Build.0 = Debug|Any CPU
		{5862AF04-26C5-4981-A2D8-3238424457DE}.Ad-Hoc|x86.ActiveCfg = Debug|Any CPU
		{5862AF04-26C5-4981-A2D8-3238424457DE}.Ad-Hoc|x86.Build.0 = Debug|Any CPU
		{5862AF04-26C5-4981-A2D8-3238424457DE}.AppStore|Any CPU.ActiveCfg = Debug|Any CPU
		{5862AF04-26C5-4981-A2D8-3238424457DE}.AppStore|Any CPU.Build.0 = Debug|Any CPU
		{5862AF04-26C5-4981-A2D8-3238424457DE}.AppStore|ARM.ActiveCfg = Debug|Any CPU
		{5862AF04-26C5-4981-A2D8-3238424457DE}.AppStore|ARM.Build.0 = Debug|Any CPU
		{5862AF04-26C5-4981-A2D8-3238424457DE}.AppStore|iPhone.ActiveCfg = Debug|Any CPU
		{5862AF04-26C5-4981-A2D8-3238424457DE}.AppStore|iPhone.Build.0 = Debug|Any CPU
		{5862AF04-26C5-4981-A2D8-3238424457DE}.AppStore|iPhoneSimulator.ActiveCfg = Debug|Any CPU
		{5862AF04-26C5-4981-A2D8-3238424457DE}.AppStore|iPhoneSimulator.Build.0 = Debug|Any CPU
		{5862AF04-26C5-4981-A2D8-3238424457DE}.AppStore|x64.ActiveCfg = Debug|Any CPU
		{5862AF04-26C5-4981-A2D8-3238424457DE}.AppStore|x64.Build.0 = Debug|Any CPU
		{5862AF04-26C5-4981-A2D8-3238424457DE}.AppStore|x86.ActiveCfg = Debug|Any CPU
		{5862AF04-26C5-4981-A2D8-3238424457DE}.AppStore|x86.Build.0 = Debug|Any CPU
		{5862AF04-26C5-4981-A2D8-3238424457DE}.Debug|Any CPU.ActiveCfg = Debug|Any CPU
		{5862AF04-26C5-4981-A2D8-3238424457DE}.Debug|Any CPU.Build.0 = Debug|Any CPU
		{5862AF04-26C5-4981-A2D8-3238424457DE}.Debug|ARM.ActiveCfg = Debug|Any CPU
		{5862AF04-26C5-4981-A2D8-3238424457DE}.Debug|ARM.Build.0 = Debug|Any CPU
		{5862AF04-26C5-4981-A2D8-3238424457DE}.Debug|iPhone.ActiveCfg = Debug|Any CPU
		{5862AF04-26C5-4981-A2D8-3238424457DE}.Debug|iPhone.Build.0 = Debug|Any CPU
		{5862AF04-26C5-4981-A2D8-3238424457DE}.Debug|iPhoneSimulator.ActiveCfg = Debug|Any CPU
		{5862AF04-26C5-4981-A2D8-3238424457DE}.Debug|iPhoneSimulator.Build.0 = Debug|Any CPU
		{5862AF04-26C5-4981-A2D8-3238424457DE}.Debug|x64.ActiveCfg = Debug|Any CPU
		{5862AF04-26C5-4981-A2D8-3238424457DE}.Debug|x64.Build.0 = Debug|Any CPU
		{5862AF04-26C5-4981-A2D8-3238424457DE}.Debug|x86.ActiveCfg = Debug|Any CPU
		{5862AF04-26C5-4981-A2D8-3238424457DE}.Debug|x86.Build.0 = Debug|Any CPU
		{5862AF04-26C5-4981-A2D8-3238424457DE}.Release|Any CPU.ActiveCfg = Release|Any CPU
		{5862AF04-26C5-4981-A2D8-3238424457DE}.Release|Any CPU.Build.0 = Release|Any CPU
		{5862AF04-26C5-4981-A2D8-3238424457DE}.Release|ARM.ActiveCfg = Release|Any CPU
		{5862AF04-26C5-4981-A2D8-3238424457DE}.Release|ARM.Build.0 = Release|Any CPU
		{5862AF04-26C5-4981-A2D8-3238424457DE}.Release|iPhone.ActiveCfg = Release|Any CPU
		{5862AF04-26C5-4981-A2D8-3238424457DE}.Release|iPhone.Build.0 = Release|Any CPU
		{5862AF04-26C5-4981-A2D8-3238424457DE}.Release|iPhoneSimulator.ActiveCfg = Release|Any CPU
		{5862AF04-26C5-4981-A2D8-3238424457DE}.Release|iPhoneSimulator.Build.0 = Release|Any CPU
		{5862AF04-26C5-4981-A2D8-3238424457DE}.Release|x64.ActiveCfg = Release|Any CPU
		{5862AF04-26C5-4981-A2D8-3238424457DE}.Release|x64.Build.0 = Release|Any CPU
		{5862AF04-26C5-4981-A2D8-3238424457DE}.Release|x86.ActiveCfg = Release|Any CPU
		{5862AF04-26C5-4981-A2D8-3238424457DE}.Release|x86.Build.0 = Release|Any CPU
		{416D205B-3AF7-4E8C-A0D3-FC532AA6FBDE}.Ad-Hoc|Any CPU.ActiveCfg = Release|x86
		{416D205B-3AF7-4E8C-A0D3-FC532AA6FBDE}.Ad-Hoc|Any CPU.Build.0 = Release|x86
		{416D205B-3AF7-4E8C-A0D3-FC532AA6FBDE}.Ad-Hoc|Any CPU.Deploy.0 = Release|x86
		{416D205B-3AF7-4E8C-A0D3-FC532AA6FBDE}.Ad-Hoc|ARM.ActiveCfg = Release|ARM
		{416D205B-3AF7-4E8C-A0D3-FC532AA6FBDE}.Ad-Hoc|ARM.Build.0 = Release|ARM
		{416D205B-3AF7-4E8C-A0D3-FC532AA6FBDE}.Ad-Hoc|ARM.Deploy.0 = Release|ARM
		{416D205B-3AF7-4E8C-A0D3-FC532AA6FBDE}.Ad-Hoc|iPhone.ActiveCfg = Release|x86
		{416D205B-3AF7-4E8C-A0D3-FC532AA6FBDE}.Ad-Hoc|iPhone.Build.0 = Release|x86
		{416D205B-3AF7-4E8C-A0D3-FC532AA6FBDE}.Ad-Hoc|iPhone.Deploy.0 = Release|x86
		{416D205B-3AF7-4E8C-A0D3-FC532AA6FBDE}.Ad-Hoc|iPhoneSimulator.ActiveCfg = Release|x86
		{416D205B-3AF7-4E8C-A0D3-FC532AA6FBDE}.Ad-Hoc|iPhoneSimulator.Build.0 = Release|x86
		{416D205B-3AF7-4E8C-A0D3-FC532AA6FBDE}.Ad-Hoc|iPhoneSimulator.Deploy.0 = Release|x86
		{416D205B-3AF7-4E8C-A0D3-FC532AA6FBDE}.Ad-Hoc|x64.ActiveCfg = Release|x64
		{416D205B-3AF7-4E8C-A0D3-FC532AA6FBDE}.Ad-Hoc|x64.Build.0 = Release|x64
		{416D205B-3AF7-4E8C-A0D3-FC532AA6FBDE}.Ad-Hoc|x64.Deploy.0 = Release|x64
		{416D205B-3AF7-4E8C-A0D3-FC532AA6FBDE}.Ad-Hoc|x86.ActiveCfg = Release|x86
		{416D205B-3AF7-4E8C-A0D3-FC532AA6FBDE}.Ad-Hoc|x86.Build.0 = Release|x86
		{416D205B-3AF7-4E8C-A0D3-FC532AA6FBDE}.Ad-Hoc|x86.Deploy.0 = Release|x86
		{416D205B-3AF7-4E8C-A0D3-FC532AA6FBDE}.AppStore|Any CPU.ActiveCfg = Release|x86
		{416D205B-3AF7-4E8C-A0D3-FC532AA6FBDE}.AppStore|Any CPU.Build.0 = Release|x86
		{416D205B-3AF7-4E8C-A0D3-FC532AA6FBDE}.AppStore|Any CPU.Deploy.0 = Release|x86
		{416D205B-3AF7-4E8C-A0D3-FC532AA6FBDE}.AppStore|ARM.ActiveCfg = Release|ARM
		{416D205B-3AF7-4E8C-A0D3-FC532AA6FBDE}.AppStore|ARM.Build.0 = Release|ARM
		{416D205B-3AF7-4E8C-A0D3-FC532AA6FBDE}.AppStore|ARM.Deploy.0 = Release|ARM
		{416D205B-3AF7-4E8C-A0D3-FC532AA6FBDE}.AppStore|iPhone.ActiveCfg = Release|x86
		{416D205B-3AF7-4E8C-A0D3-FC532AA6FBDE}.AppStore|iPhone.Build.0 = Release|x86
		{416D205B-3AF7-4E8C-A0D3-FC532AA6FBDE}.AppStore|iPhone.Deploy.0 = Release|x86
		{416D205B-3AF7-4E8C-A0D3-FC532AA6FBDE}.AppStore|iPhoneSimulator.ActiveCfg = Release|x86
		{416D205B-3AF7-4E8C-A0D3-FC532AA6FBDE}.AppStore|iPhoneSimulator.Build.0 = Release|x86
		{416D205B-3AF7-4E8C-A0D3-FC532AA6FBDE}.AppStore|iPhoneSimulator.Deploy.0 = Release|x86
		{416D205B-3AF7-4E8C-A0D3-FC532AA6FBDE}.AppStore|x64.ActiveCfg = Release|x64
		{416D205B-3AF7-4E8C-A0D3-FC532AA6FBDE}.AppStore|x64.Build.0 = Release|x64
		{416D205B-3AF7-4E8C-A0D3-FC532AA6FBDE}.AppStore|x64.Deploy.0 = Release|x64
		{416D205B-3AF7-4E8C-A0D3-FC532AA6FBDE}.AppStore|x86.ActiveCfg = Release|x86
		{416D205B-3AF7-4E8C-A0D3-FC532AA6FBDE}.AppStore|x86.Build.0 = Release|x86
		{416D205B-3AF7-4E8C-A0D3-FC532AA6FBDE}.AppStore|x86.Deploy.0 = Release|x86
		{416D205B-3AF7-4E8C-A0D3-FC532AA6FBDE}.Debug|Any CPU.ActiveCfg = Debug|x86
		{416D205B-3AF7-4E8C-A0D3-FC532AA6FBDE}.Debug|ARM.ActiveCfg = Debug|ARM
		{416D205B-3AF7-4E8C-A0D3-FC532AA6FBDE}.Debug|ARM.Build.0 = Debug|ARM
		{416D205B-3AF7-4E8C-A0D3-FC532AA6FBDE}.Debug|ARM.Deploy.0 = Debug|ARM
		{416D205B-3AF7-4E8C-A0D3-FC532AA6FBDE}.Debug|iPhone.ActiveCfg = Debug|x86
		{416D205B-3AF7-4E8C-A0D3-FC532AA6FBDE}.Debug|iPhoneSimulator.ActiveCfg = Debug|x86
		{416D205B-3AF7-4E8C-A0D3-FC532AA6FBDE}.Debug|x64.ActiveCfg = Debug|x64
		{416D205B-3AF7-4E8C-A0D3-FC532AA6FBDE}.Debug|x64.Build.0 = Debug|x64
		{416D205B-3AF7-4E8C-A0D3-FC532AA6FBDE}.Debug|x64.Deploy.0 = Debug|x64
		{416D205B-3AF7-4E8C-A0D3-FC532AA6FBDE}.Debug|x86.ActiveCfg = Debug|x86
		{416D205B-3AF7-4E8C-A0D3-FC532AA6FBDE}.Debug|x86.Build.0 = Debug|x86
		{416D205B-3AF7-4E8C-A0D3-FC532AA6FBDE}.Debug|x86.Deploy.0 = Debug|x86
		{416D205B-3AF7-4E8C-A0D3-FC532AA6FBDE}.Release|Any CPU.ActiveCfg = Release|x86
		{416D205B-3AF7-4E8C-A0D3-FC532AA6FBDE}.Release|ARM.ActiveCfg = Release|ARM
		{416D205B-3AF7-4E8C-A0D3-FC532AA6FBDE}.Release|ARM.Build.0 = Release|ARM
		{416D205B-3AF7-4E8C-A0D3-FC532AA6FBDE}.Release|ARM.Deploy.0 = Release|ARM
		{416D205B-3AF7-4E8C-A0D3-FC532AA6FBDE}.Release|iPhone.ActiveCfg = Release|x86
		{416D205B-3AF7-4E8C-A0D3-FC532AA6FBDE}.Release|iPhoneSimulator.ActiveCfg = Release|x86
		{416D205B-3AF7-4E8C-A0D3-FC532AA6FBDE}.Release|x64.ActiveCfg = Release|x64
		{416D205B-3AF7-4E8C-A0D3-FC532AA6FBDE}.Release|x64.Build.0 = Release|x64
		{416D205B-3AF7-4E8C-A0D3-FC532AA6FBDE}.Release|x64.Deploy.0 = Release|x64
		{416D205B-3AF7-4E8C-A0D3-FC532AA6FBDE}.Release|x86.ActiveCfg = Release|x86
		{416D205B-3AF7-4E8C-A0D3-FC532AA6FBDE}.Release|x86.Build.0 = Release|x86
		{416D205B-3AF7-4E8C-A0D3-FC532AA6FBDE}.Release|x86.Deploy.0 = Release|x86
		{EEE3CE9B-78DB-4F77-A525-9159E18C6A06}.Ad-Hoc|Any CPU.ActiveCfg = Release|Any CPU
		{EEE3CE9B-78DB-4F77-A525-9159E18C6A06}.Ad-Hoc|Any CPU.Build.0 = Release|Any CPU
		{EEE3CE9B-78DB-4F77-A525-9159E18C6A06}.Ad-Hoc|Any CPU.Deploy.0 = Release|Any CPU
		{EEE3CE9B-78DB-4F77-A525-9159E18C6A06}.Ad-Hoc|ARM.ActiveCfg = Release|Any CPU
		{EEE3CE9B-78DB-4F77-A525-9159E18C6A06}.Ad-Hoc|ARM.Build.0 = Release|Any CPU
		{EEE3CE9B-78DB-4F77-A525-9159E18C6A06}.Ad-Hoc|ARM.Deploy.0 = Release|Any CPU
		{EEE3CE9B-78DB-4F77-A525-9159E18C6A06}.Ad-Hoc|iPhone.ActiveCfg = Release|Any CPU
		{EEE3CE9B-78DB-4F77-A525-9159E18C6A06}.Ad-Hoc|iPhone.Build.0 = Release|Any CPU
		{EEE3CE9B-78DB-4F77-A525-9159E18C6A06}.Ad-Hoc|iPhone.Deploy.0 = Release|Any CPU
		{EEE3CE9B-78DB-4F77-A525-9159E18C6A06}.Ad-Hoc|iPhoneSimulator.ActiveCfg = Release|Any CPU
		{EEE3CE9B-78DB-4F77-A525-9159E18C6A06}.Ad-Hoc|iPhoneSimulator.Build.0 = Release|Any CPU
		{EEE3CE9B-78DB-4F77-A525-9159E18C6A06}.Ad-Hoc|iPhoneSimulator.Deploy.0 = Release|Any CPU
		{EEE3CE9B-78DB-4F77-A525-9159E18C6A06}.Ad-Hoc|x64.ActiveCfg = Release|Any CPU
		{EEE3CE9B-78DB-4F77-A525-9159E18C6A06}.Ad-Hoc|x64.Build.0 = Release|Any CPU
		{EEE3CE9B-78DB-4F77-A525-9159E18C6A06}.Ad-Hoc|x64.Deploy.0 = Release|Any CPU
		{EEE3CE9B-78DB-4F77-A525-9159E18C6A06}.Ad-Hoc|x86.ActiveCfg = Release|Any CPU
		{EEE3CE9B-78DB-4F77-A525-9159E18C6A06}.Ad-Hoc|x86.Build.0 = Release|Any CPU
		{EEE3CE9B-78DB-4F77-A525-9159E18C6A06}.Ad-Hoc|x86.Deploy.0 = Release|Any CPU
		{EEE3CE9B-78DB-4F77-A525-9159E18C6A06}.AppStore|Any CPU.ActiveCfg = Release|Any CPU
		{EEE3CE9B-78DB-4F77-A525-9159E18C6A06}.AppStore|Any CPU.Build.0 = Release|Any CPU
		{EEE3CE9B-78DB-4F77-A525-9159E18C6A06}.AppStore|Any CPU.Deploy.0 = Release|Any CPU
		{EEE3CE9B-78DB-4F77-A525-9159E18C6A06}.AppStore|ARM.ActiveCfg = Release|Any CPU
		{EEE3CE9B-78DB-4F77-A525-9159E18C6A06}.AppStore|ARM.Build.0 = Release|Any CPU
		{EEE3CE9B-78DB-4F77-A525-9159E18C6A06}.AppStore|ARM.Deploy.0 = Release|Any CPU
		{EEE3CE9B-78DB-4F77-A525-9159E18C6A06}.AppStore|iPhone.ActiveCfg = Release|Any CPU
		{EEE3CE9B-78DB-4F77-A525-9159E18C6A06}.AppStore|iPhone.Build.0 = Release|Any CPU
		{EEE3CE9B-78DB-4F77-A525-9159E18C6A06}.AppStore|iPhone.Deploy.0 = Release|Any CPU
		{EEE3CE9B-78DB-4F77-A525-9159E18C6A06}.AppStore|iPhoneSimulator.ActiveCfg = Release|Any CPU
		{EEE3CE9B-78DB-4F77-A525-9159E18C6A06}.AppStore|iPhoneSimulator.Build.0 = Release|Any CPU
		{EEE3CE9B-78DB-4F77-A525-9159E18C6A06}.AppStore|iPhoneSimulator.Deploy.0 = Release|Any CPU
		{EEE3CE9B-78DB-4F77-A525-9159E18C6A06}.AppStore|x64.ActiveCfg = Release|Any CPU
		{EEE3CE9B-78DB-4F77-A525-9159E18C6A06}.AppStore|x64.Build.0 = Release|Any CPU
		{EEE3CE9B-78DB-4F77-A525-9159E18C6A06}.AppStore|x64.Deploy.0 = Release|Any CPU
		{EEE3CE9B-78DB-4F77-A525-9159E18C6A06}.AppStore|x86.ActiveCfg = Release|Any CPU
		{EEE3CE9B-78DB-4F77-A525-9159E18C6A06}.AppStore|x86.Build.0 = Release|Any CPU
		{EEE3CE9B-78DB-4F77-A525-9159E18C6A06}.AppStore|x86.Deploy.0 = Release|Any CPU
		{EEE3CE9B-78DB-4F77-A525-9159E18C6A06}.Debug|Any CPU.ActiveCfg = Debug|Any CPU
		{EEE3CE9B-78DB-4F77-A525-9159E18C6A06}.Debug|Any CPU.Build.0 = Debug|Any CPU
		{EEE3CE9B-78DB-4F77-A525-9159E18C6A06}.Debug|Any CPU.Deploy.0 = Debug|Any CPU
		{EEE3CE9B-78DB-4F77-A525-9159E18C6A06}.Debug|ARM.ActiveCfg = Debug|Any CPU
		{EEE3CE9B-78DB-4F77-A525-9159E18C6A06}.Debug|ARM.Build.0 = Debug|Any CPU
		{EEE3CE9B-78DB-4F77-A525-9159E18C6A06}.Debug|ARM.Deploy.0 = Debug|Any CPU
		{EEE3CE9B-78DB-4F77-A525-9159E18C6A06}.Debug|iPhone.ActiveCfg = Debug|Any CPU
		{EEE3CE9B-78DB-4F77-A525-9159E18C6A06}.Debug|iPhone.Build.0 = Debug|Any CPU
		{EEE3CE9B-78DB-4F77-A525-9159E18C6A06}.Debug|iPhone.Deploy.0 = Debug|Any CPU
		{EEE3CE9B-78DB-4F77-A525-9159E18C6A06}.Debug|iPhoneSimulator.ActiveCfg = Debug|Any CPU
		{EEE3CE9B-78DB-4F77-A525-9159E18C6A06}.Debug|iPhoneSimulator.Build.0 = Debug|Any CPU
		{EEE3CE9B-78DB-4F77-A525-9159E18C6A06}.Debug|iPhoneSimulator.Deploy.0 = Debug|Any CPU
		{EEE3CE9B-78DB-4F77-A525-9159E18C6A06}.Debug|x64.ActiveCfg = Debug|Any CPU
		{EEE3CE9B-78DB-4F77-A525-9159E18C6A06}.Debug|x64.Build.0 = Debug|Any CPU
		{EEE3CE9B-78DB-4F77-A525-9159E18C6A06}.Debug|x64.Deploy.0 = Debug|Any CPU
		{EEE3CE9B-78DB-4F77-A525-9159E18C6A06}.Debug|x86.ActiveCfg = Debug|Any CPU
		{EEE3CE9B-78DB-4F77-A525-9159E18C6A06}.Debug|x86.Build.0 = Debug|Any CPU
		{EEE3CE9B-78DB-4F77-A525-9159E18C6A06}.Debug|x86.Deploy.0 = Debug|Any CPU
		{EEE3CE9B-78DB-4F77-A525-9159E18C6A06}.Release|Any CPU.ActiveCfg = Release|Any CPU
		{EEE3CE9B-78DB-4F77-A525-9159E18C6A06}.Release|Any CPU.Build.0 = Release|Any CPU
		{EEE3CE9B-78DB-4F77-A525-9159E18C6A06}.Release|Any CPU.Deploy.0 = Release|Any CPU
		{EEE3CE9B-78DB-4F77-A525-9159E18C6A06}.Release|ARM.ActiveCfg = Release|Any CPU
		{EEE3CE9B-78DB-4F77-A525-9159E18C6A06}.Release|ARM.Build.0 = Release|Any CPU
		{EEE3CE9B-78DB-4F77-A525-9159E18C6A06}.Release|ARM.Deploy.0 = Release|Any CPU
		{EEE3CE9B-78DB-4F77-A525-9159E18C6A06}.Release|iPhone.ActiveCfg = Release|Any CPU
		{EEE3CE9B-78DB-4F77-A525-9159E18C6A06}.Release|iPhone.Build.0 = Release|Any CPU
		{EEE3CE9B-78DB-4F77-A525-9159E18C6A06}.Release|iPhone.Deploy.0 = Release|Any CPU
		{EEE3CE9B-78DB-4F77-A525-9159E18C6A06}.Release|iPhoneSimulator.ActiveCfg = Release|Any CPU
		{EEE3CE9B-78DB-4F77-A525-9159E18C6A06}.Release|iPhoneSimulator.Build.0 = Release|Any CPU
		{EEE3CE9B-78DB-4F77-A525-9159E18C6A06}.Release|iPhoneSimulator.Deploy.0 = Release|Any CPU
		{EEE3CE9B-78DB-4F77-A525-9159E18C6A06}.Release|x64.ActiveCfg = Release|Any CPU
		{EEE3CE9B-78DB-4F77-A525-9159E18C6A06}.Release|x64.Build.0 = Release|Any CPU
		{EEE3CE9B-78DB-4F77-A525-9159E18C6A06}.Release|x64.Deploy.0 = Release|Any CPU
		{EEE3CE9B-78DB-4F77-A525-9159E18C6A06}.Release|x86.ActiveCfg = Release|Any CPU
		{EEE3CE9B-78DB-4F77-A525-9159E18C6A06}.Release|x86.Build.0 = Release|Any CPU
		{EEE3CE9B-78DB-4F77-A525-9159E18C6A06}.Release|x86.Deploy.0 = Release|Any CPU
		{3D3B2C1B-646E-4AE7-A283-D8DE4B3C0D86}.Ad-Hoc|Any CPU.ActiveCfg = Ad-Hoc|iPhone
		{3D3B2C1B-646E-4AE7-A283-D8DE4B3C0D86}.Ad-Hoc|ARM.ActiveCfg = Ad-Hoc|iPhone
		{3D3B2C1B-646E-4AE7-A283-D8DE4B3C0D86}.Ad-Hoc|iPhone.ActiveCfg = Ad-Hoc|iPhone
		{3D3B2C1B-646E-4AE7-A283-D8DE4B3C0D86}.Ad-Hoc|iPhone.Build.0 = Ad-Hoc|iPhone
		{3D3B2C1B-646E-4AE7-A283-D8DE4B3C0D86}.Ad-Hoc|iPhoneSimulator.ActiveCfg = Ad-Hoc|iPhoneSimulator
		{3D3B2C1B-646E-4AE7-A283-D8DE4B3C0D86}.Ad-Hoc|iPhoneSimulator.Build.0 = Ad-Hoc|iPhoneSimulator
		{3D3B2C1B-646E-4AE7-A283-D8DE4B3C0D86}.Ad-Hoc|x64.ActiveCfg = Ad-Hoc|iPhone
		{3D3B2C1B-646E-4AE7-A283-D8DE4B3C0D86}.Ad-Hoc|x86.ActiveCfg = Ad-Hoc|iPhone
		{3D3B2C1B-646E-4AE7-A283-D8DE4B3C0D86}.AppStore|Any CPU.ActiveCfg = AppStore|iPhone
		{3D3B2C1B-646E-4AE7-A283-D8DE4B3C0D86}.AppStore|ARM.ActiveCfg = AppStore|iPhone
		{3D3B2C1B-646E-4AE7-A283-D8DE4B3C0D86}.AppStore|iPhone.ActiveCfg = AppStore|iPhone
		{3D3B2C1B-646E-4AE7-A283-D8DE4B3C0D86}.AppStore|iPhone.Build.0 = AppStore|iPhone
		{3D3B2C1B-646E-4AE7-A283-D8DE4B3C0D86}.AppStore|iPhoneSimulator.ActiveCfg = AppStore|iPhoneSimulator
		{3D3B2C1B-646E-4AE7-A283-D8DE4B3C0D86}.AppStore|iPhoneSimulator.Build.0 = AppStore|iPhoneSimulator
		{3D3B2C1B-646E-4AE7-A283-D8DE4B3C0D86}.AppStore|x64.ActiveCfg = AppStore|iPhone
		{3D3B2C1B-646E-4AE7-A283-D8DE4B3C0D86}.AppStore|x86.ActiveCfg = AppStore|iPhone
		{3D3B2C1B-646E-4AE7-A283-D8DE4B3C0D86}.Debug|Any CPU.ActiveCfg = Debug|iPhone
		{3D3B2C1B-646E-4AE7-A283-D8DE4B3C0D86}.Debug|ARM.ActiveCfg = Debug|iPhone
		{3D3B2C1B-646E-4AE7-A283-D8DE4B3C0D86}.Debug|iPhone.ActiveCfg = Debug|iPhone
		{3D3B2C1B-646E-4AE7-A283-D8DE4B3C0D86}.Debug|iPhone.Build.0 = Debug|iPhone
		{3D3B2C1B-646E-4AE7-A283-D8DE4B3C0D86}.Debug|iPhoneSimulator.ActiveCfg = Debug|iPhoneSimulator
		{3D3B2C1B-646E-4AE7-A283-D8DE4B3C0D86}.Debug|iPhoneSimulator.Build.0 = Debug|iPhoneSimulator
		{3D3B2C1B-646E-4AE7-A283-D8DE4B3C0D86}.Debug|x64.ActiveCfg = Debug|iPhone
		{3D3B2C1B-646E-4AE7-A283-D8DE4B3C0D86}.Debug|x86.ActiveCfg = Debug|iPhone
		{3D3B2C1B-646E-4AE7-A283-D8DE4B3C0D86}.Release|Any CPU.ActiveCfg = Release|iPhone
		{3D3B2C1B-646E-4AE7-A283-D8DE4B3C0D86}.Release|ARM.ActiveCfg = Release|iPhone
		{3D3B2C1B-646E-4AE7-A283-D8DE4B3C0D86}.Release|iPhone.ActiveCfg = Release|iPhone
		{3D3B2C1B-646E-4AE7-A283-D8DE4B3C0D86}.Release|iPhone.Build.0 = Release|iPhone
		{3D3B2C1B-646E-4AE7-A283-D8DE4B3C0D86}.Release|iPhoneSimulator.ActiveCfg = Release|iPhoneSimulator
		{3D3B2C1B-646E-4AE7-A283-D8DE4B3C0D86}.Release|iPhoneSimulator.Build.0 = Release|iPhoneSimulator
		{3D3B2C1B-646E-4AE7-A283-D8DE4B3C0D86}.Release|x64.ActiveCfg = Release|iPhone
		{3D3B2C1B-646E-4AE7-A283-D8DE4B3C0D86}.Release|x86.ActiveCfg = Release|iPhone
		{EDBFF2A5-C19A-4F08-B741-D241BC6B2F51}.Ad-Hoc|Any CPU.ActiveCfg = Debug|Any CPU
		{EDBFF2A5-C19A-4F08-B741-D241BC6B2F51}.Ad-Hoc|Any CPU.Build.0 = Debug|Any CPU
		{EDBFF2A5-C19A-4F08-B741-D241BC6B2F51}.Ad-Hoc|ARM.ActiveCfg = Debug|Any CPU
		{EDBFF2A5-C19A-4F08-B741-D241BC6B2F51}.Ad-Hoc|ARM.Build.0 = Debug|Any CPU
		{EDBFF2A5-C19A-4F08-B741-D241BC6B2F51}.Ad-Hoc|iPhone.ActiveCfg = Debug|Any CPU
		{EDBFF2A5-C19A-4F08-B741-D241BC6B2F51}.Ad-Hoc|iPhone.Build.0 = Debug|Any CPU
		{EDBFF2A5-C19A-4F08-B741-D241BC6B2F51}.Ad-Hoc|iPhoneSimulator.ActiveCfg = Debug|Any CPU
		{EDBFF2A5-C19A-4F08-B741-D241BC6B2F51}.Ad-Hoc|iPhoneSimulator.Build.0 = Debug|Any CPU
		{EDBFF2A5-C19A-4F08-B741-D241BC6B2F51}.Ad-Hoc|x64.ActiveCfg = Debug|Any CPU
		{EDBFF2A5-C19A-4F08-B741-D241BC6B2F51}.Ad-Hoc|x64.Build.0 = Debug|Any CPU
		{EDBFF2A5-C19A-4F08-B741-D241BC6B2F51}.Ad-Hoc|x86.ActiveCfg = Debug|Any CPU
		{EDBFF2A5-C19A-4F08-B741-D241BC6B2F51}.Ad-Hoc|x86.Build.0 = Debug|Any CPU
		{EDBFF2A5-C19A-4F08-B741-D241BC6B2F51}.AppStore|Any CPU.ActiveCfg = Debug|Any CPU
		{EDBFF2A5-C19A-4F08-B741-D241BC6B2F51}.AppStore|Any CPU.Build.0 = Debug|Any CPU
		{EDBFF2A5-C19A-4F08-B741-D241BC6B2F51}.AppStore|ARM.ActiveCfg = Debug|Any CPU
		{EDBFF2A5-C19A-4F08-B741-D241BC6B2F51}.AppStore|ARM.Build.0 = Debug|Any CPU
		{EDBFF2A5-C19A-4F08-B741-D241BC6B2F51}.AppStore|iPhone.ActiveCfg = Debug|Any CPU
		{EDBFF2A5-C19A-4F08-B741-D241BC6B2F51}.AppStore|iPhone.Build.0 = Debug|Any CPU
		{EDBFF2A5-C19A-4F08-B741-D241BC6B2F51}.AppStore|iPhoneSimulator.ActiveCfg = Debug|Any CPU
		{EDBFF2A5-C19A-4F08-B741-D241BC6B2F51}.AppStore|iPhoneSimulator.Build.0 = Debug|Any CPU
		{EDBFF2A5-C19A-4F08-B741-D241BC6B2F51}.AppStore|x64.ActiveCfg = Debug|Any CPU
		{EDBFF2A5-C19A-4F08-B741-D241BC6B2F51}.AppStore|x64.Build.0 = Debug|Any CPU
		{EDBFF2A5-C19A-4F08-B741-D241BC6B2F51}.AppStore|x86.ActiveCfg = Debug|Any CPU
		{EDBFF2A5-C19A-4F08-B741-D241BC6B2F51}.AppStore|x86.Build.0 = Debug|Any CPU
		{EDBFF2A5-C19A-4F08-B741-D241BC6B2F51}.Debug|Any CPU.ActiveCfg = Debug|Any CPU
		{EDBFF2A5-C19A-4F08-B741-D241BC6B2F51}.Debug|Any CPU.Build.0 = Debug|Any CPU
		{EDBFF2A5-C19A-4F08-B741-D241BC6B2F51}.Debug|ARM.ActiveCfg = Debug|Any CPU
		{EDBFF2A5-C19A-4F08-B741-D241BC6B2F51}.Debug|ARM.Build.0 = Debug|Any CPU
		{EDBFF2A5-C19A-4F08-B741-D241BC6B2F51}.Debug|iPhone.ActiveCfg = Debug|Any CPU
		{EDBFF2A5-C19A-4F08-B741-D241BC6B2F51}.Debug|iPhone.Build.0 = Debug|Any CPU
		{EDBFF2A5-C19A-4F08-B741-D241BC6B2F51}.Debug|iPhoneSimulator.ActiveCfg = Debug|Any CPU
		{EDBFF2A5-C19A-4F08-B741-D241BC6B2F51}.Debug|iPhoneSimulator.Build.0 = Debug|Any CPU
		{EDBFF2A5-C19A-4F08-B741-D241BC6B2F51}.Debug|x64.ActiveCfg = Debug|Any CPU
		{EDBFF2A5-C19A-4F08-B741-D241BC6B2F51}.Debug|x64.Build.0 = Debug|Any CPU
		{EDBFF2A5-C19A-4F08-B741-D241BC6B2F51}.Debug|x86.ActiveCfg = Debug|Any CPU
		{EDBFF2A5-C19A-4F08-B741-D241BC6B2F51}.Debug|x86.Build.0 = Debug|Any CPU
		{EDBFF2A5-C19A-4F08-B741-D241BC6B2F51}.Release|Any CPU.ActiveCfg = Release|Any CPU
		{EDBFF2A5-C19A-4F08-B741-D241BC6B2F51}.Release|Any CPU.Build.0 = Release|Any CPU
		{EDBFF2A5-C19A-4F08-B741-D241BC6B2F51}.Release|ARM.ActiveCfg = Release|Any CPU
		{EDBFF2A5-C19A-4F08-B741-D241BC6B2F51}.Release|ARM.Build.0 = Release|Any CPU
		{EDBFF2A5-C19A-4F08-B741-D241BC6B2F51}.Release|iPhone.ActiveCfg = Release|Any CPU
		{EDBFF2A5-C19A-4F08-B741-D241BC6B2F51}.Release|iPhone.Build.0 = Release|Any CPU
		{EDBFF2A5-C19A-4F08-B741-D241BC6B2F51}.Release|iPhoneSimulator.ActiveCfg = Release|Any CPU
		{EDBFF2A5-C19A-4F08-B741-D241BC6B2F51}.Release|iPhoneSimulator.Build.0 = Release|Any CPU
		{EDBFF2A5-C19A-4F08-B741-D241BC6B2F51}.Release|x64.ActiveCfg = Release|Any CPU
		{EDBFF2A5-C19A-4F08-B741-D241BC6B2F51}.Release|x64.Build.0 = Release|Any CPU
		{EDBFF2A5-C19A-4F08-B741-D241BC6B2F51}.Release|x86.ActiveCfg = Release|Any CPU
		{EDBFF2A5-C19A-4F08-B741-D241BC6B2F51}.Release|x86.Build.0 = Release|Any CPU
		{EF7E5682-4054-4817-B0A4-B0007C6C290B}.Ad-Hoc|Any CPU.ActiveCfg = Release|Any CPU
		{EF7E5682-4054-4817-B0A4-B0007C6C290B}.Ad-Hoc|Any CPU.Build.0 = Release|Any CPU
		{EF7E5682-4054-4817-B0A4-B0007C6C290B}.Ad-Hoc|Any CPU.Deploy.0 = Release|Any CPU
		{EF7E5682-4054-4817-B0A4-B0007C6C290B}.Ad-Hoc|ARM.ActiveCfg = Release|Any CPU
		{EF7E5682-4054-4817-B0A4-B0007C6C290B}.Ad-Hoc|ARM.Build.0 = Release|Any CPU
		{EF7E5682-4054-4817-B0A4-B0007C6C290B}.Ad-Hoc|ARM.Deploy.0 = Release|Any CPU
		{EF7E5682-4054-4817-B0A4-B0007C6C290B}.Ad-Hoc|iPhone.ActiveCfg = Release|Any CPU
		{EF7E5682-4054-4817-B0A4-B0007C6C290B}.Ad-Hoc|iPhone.Build.0 = Release|Any CPU
		{EF7E5682-4054-4817-B0A4-B0007C6C290B}.Ad-Hoc|iPhone.Deploy.0 = Release|Any CPU
		{EF7E5682-4054-4817-B0A4-B0007C6C290B}.Ad-Hoc|iPhoneSimulator.ActiveCfg = Release|Any CPU
		{EF7E5682-4054-4817-B0A4-B0007C6C290B}.Ad-Hoc|iPhoneSimulator.Build.0 = Release|Any CPU
		{EF7E5682-4054-4817-B0A4-B0007C6C290B}.Ad-Hoc|iPhoneSimulator.Deploy.0 = Release|Any CPU
		{EF7E5682-4054-4817-B0A4-B0007C6C290B}.Ad-Hoc|x64.ActiveCfg = Release|Any CPU
		{EF7E5682-4054-4817-B0A4-B0007C6C290B}.Ad-Hoc|x64.Build.0 = Release|Any CPU
		{EF7E5682-4054-4817-B0A4-B0007C6C290B}.Ad-Hoc|x64.Deploy.0 = Release|Any CPU
		{EF7E5682-4054-4817-B0A4-B0007C6C290B}.Ad-Hoc|x86.ActiveCfg = Release|Any CPU
		{EF7E5682-4054-4817-B0A4-B0007C6C290B}.Ad-Hoc|x86.Build.0 = Release|Any CPU
		{EF7E5682-4054-4817-B0A4-B0007C6C290B}.Ad-Hoc|x86.Deploy.0 = Release|Any CPU
		{EF7E5682-4054-4817-B0A4-B0007C6C290B}.AppStore|Any CPU.ActiveCfg = Release|Any CPU
		{EF7E5682-4054-4817-B0A4-B0007C6C290B}.AppStore|Any CPU.Build.0 = Release|Any CPU
		{EF7E5682-4054-4817-B0A4-B0007C6C290B}.AppStore|Any CPU.Deploy.0 = Release|Any CPU
		{EF7E5682-4054-4817-B0A4-B0007C6C290B}.AppStore|ARM.ActiveCfg = Release|Any CPU
		{EF7E5682-4054-4817-B0A4-B0007C6C290B}.AppStore|ARM.Build.0 = Release|Any CPU
		{EF7E5682-4054-4817-B0A4-B0007C6C290B}.AppStore|ARM.Deploy.0 = Release|Any CPU
		{EF7E5682-4054-4817-B0A4-B0007C6C290B}.AppStore|iPhone.ActiveCfg = Release|Any CPU
		{EF7E5682-4054-4817-B0A4-B0007C6C290B}.AppStore|iPhone.Build.0 = Release|Any CPU
		{EF7E5682-4054-4817-B0A4-B0007C6C290B}.AppStore|iPhone.Deploy.0 = Release|Any CPU
		{EF7E5682-4054-4817-B0A4-B0007C6C290B}.AppStore|iPhoneSimulator.ActiveCfg = Release|Any CPU
		{EF7E5682-4054-4817-B0A4-B0007C6C290B}.AppStore|iPhoneSimulator.Build.0 = Release|Any CPU
		{EF7E5682-4054-4817-B0A4-B0007C6C290B}.AppStore|iPhoneSimulator.Deploy.0 = Release|Any CPU
		{EF7E5682-4054-4817-B0A4-B0007C6C290B}.AppStore|x64.ActiveCfg = Release|Any CPU
		{EF7E5682-4054-4817-B0A4-B0007C6C290B}.AppStore|x64.Build.0 = Release|Any CPU
		{EF7E5682-4054-4817-B0A4-B0007C6C290B}.AppStore|x64.Deploy.0 = Release|Any CPU
		{EF7E5682-4054-4817-B0A4-B0007C6C290B}.AppStore|x86.ActiveCfg = Release|Any CPU
		{EF7E5682-4054-4817-B0A4-B0007C6C290B}.AppStore|x86.Build.0 = Release|Any CPU
		{EF7E5682-4054-4817-B0A4-B0007C6C290B}.AppStore|x86.Deploy.0 = Release|Any CPU
		{EF7E5682-4054-4817-B0A4-B0007C6C290B}.Debug|Any CPU.ActiveCfg = Debug|Any CPU
		{EF7E5682-4054-4817-B0A4-B0007C6C290B}.Debug|Any CPU.Build.0 = Debug|Any CPU
		{EF7E5682-4054-4817-B0A4-B0007C6C290B}.Debug|Any CPU.Deploy.0 = Debug|Any CPU
		{EF7E5682-4054-4817-B0A4-B0007C6C290B}.Debug|ARM.ActiveCfg = Debug|Any CPU
		{EF7E5682-4054-4817-B0A4-B0007C6C290B}.Debug|ARM.Build.0 = Debug|Any CPU
		{EF7E5682-4054-4817-B0A4-B0007C6C290B}.Debug|ARM.Deploy.0 = Debug|Any CPU
		{EF7E5682-4054-4817-B0A4-B0007C6C290B}.Debug|iPhone.ActiveCfg = Debug|Any CPU
		{EF7E5682-4054-4817-B0A4-B0007C6C290B}.Debug|iPhone.Build.0 = Debug|Any CPU
		{EF7E5682-4054-4817-B0A4-B0007C6C290B}.Debug|iPhone.Deploy.0 = Debug|Any CPU
		{EF7E5682-4054-4817-B0A4-B0007C6C290B}.Debug|iPhoneSimulator.ActiveCfg = Debug|Any CPU
		{EF7E5682-4054-4817-B0A4-B0007C6C290B}.Debug|iPhoneSimulator.Build.0 = Debug|Any CPU
		{EF7E5682-4054-4817-B0A4-B0007C6C290B}.Debug|iPhoneSimulator.Deploy.0 = Debug|Any CPU
		{EF7E5682-4054-4817-B0A4-B0007C6C290B}.Debug|x64.ActiveCfg = Debug|Any CPU
		{EF7E5682-4054-4817-B0A4-B0007C6C290B}.Debug|x64.Build.0 = Debug|Any CPU
		{EF7E5682-4054-4817-B0A4-B0007C6C290B}.Debug|x64.Deploy.0 = Debug|Any CPU
		{EF7E5682-4054-4817-B0A4-B0007C6C290B}.Debug|x86.ActiveCfg = Debug|Any CPU
		{EF7E5682-4054-4817-B0A4-B0007C6C290B}.Debug|x86.Build.0 = Debug|Any CPU
		{EF7E5682-4054-4817-B0A4-B0007C6C290B}.Debug|x86.Deploy.0 = Debug|Any CPU
		{EF7E5682-4054-4817-B0A4-B0007C6C290B}.Release|Any CPU.ActiveCfg = Release|Any CPU
		{EF7E5682-4054-4817-B0A4-B0007C6C290B}.Release|Any CPU.Build.0 = Release|Any CPU
		{EF7E5682-4054-4817-B0A4-B0007C6C290B}.Release|Any CPU.Deploy.0 = Release|Any CPU
		{EF7E5682-4054-4817-B0A4-B0007C6C290B}.Release|ARM.ActiveCfg = Release|Any CPU
		{EF7E5682-4054-4817-B0A4-B0007C6C290B}.Release|ARM.Build.0 = Release|Any CPU
		{EF7E5682-4054-4817-B0A4-B0007C6C290B}.Release|ARM.Deploy.0 = Release|Any CPU
		{EF7E5682-4054-4817-B0A4-B0007C6C290B}.Release|iPhone.ActiveCfg = Release|Any CPU
		{EF7E5682-4054-4817-B0A4-B0007C6C290B}.Release|iPhone.Build.0 = Release|Any CPU
		{EF7E5682-4054-4817-B0A4-B0007C6C290B}.Release|iPhone.Deploy.0 = Release|Any CPU
		{EF7E5682-4054-4817-B0A4-B0007C6C290B}.Release|iPhoneSimulator.ActiveCfg = Release|Any CPU
		{EF7E5682-4054-4817-B0A4-B0007C6C290B}.Release|iPhoneSimulator.Build.0 = Release|Any CPU
		{EF7E5682-4054-4817-B0A4-B0007C6C290B}.Release|iPhoneSimulator.Deploy.0 = Release|Any CPU
		{EF7E5682-4054-4817-B0A4-B0007C6C290B}.Release|x64.ActiveCfg = Release|Any CPU
		{EF7E5682-4054-4817-B0A4-B0007C6C290B}.Release|x64.Build.0 = Release|Any CPU
		{EF7E5682-4054-4817-B0A4-B0007C6C290B}.Release|x64.Deploy.0 = Release|Any CPU
		{EF7E5682-4054-4817-B0A4-B0007C6C290B}.Release|x86.ActiveCfg = Release|Any CPU
		{EF7E5682-4054-4817-B0A4-B0007C6C290B}.Release|x86.Build.0 = Release|Any CPU
		{EF7E5682-4054-4817-B0A4-B0007C6C290B}.Release|x86.Deploy.0 = Release|Any CPU
		{2C43B47F-3D07-484E-8809-E644806E44D2}.Ad-Hoc|Any CPU.ActiveCfg = Release|iPhone
		{2C43B47F-3D07-484E-8809-E644806E44D2}.Ad-Hoc|Any CPU.Build.0 = Release|iPhone
		{2C43B47F-3D07-484E-8809-E644806E44D2}.Ad-Hoc|ARM.ActiveCfg = Release|iPhone
		{2C43B47F-3D07-484E-8809-E644806E44D2}.Ad-Hoc|ARM.Build.0 = Release|iPhone
		{2C43B47F-3D07-484E-8809-E644806E44D2}.Ad-Hoc|iPhone.ActiveCfg = Release|iPhone
		{2C43B47F-3D07-484E-8809-E644806E44D2}.Ad-Hoc|iPhone.Build.0 = Release|iPhone
		{2C43B47F-3D07-484E-8809-E644806E44D2}.Ad-Hoc|iPhoneSimulator.ActiveCfg = Release|iPhoneSimulator
		{2C43B47F-3D07-484E-8809-E644806E44D2}.Ad-Hoc|iPhoneSimulator.Build.0 = Release|iPhoneSimulator
		{2C43B47F-3D07-484E-8809-E644806E44D2}.Ad-Hoc|x64.ActiveCfg = Release|iPhone
		{2C43B47F-3D07-484E-8809-E644806E44D2}.Ad-Hoc|x64.Build.0 = Release|iPhone
		{2C43B47F-3D07-484E-8809-E644806E44D2}.Ad-Hoc|x86.ActiveCfg = Release|iPhone
		{2C43B47F-3D07-484E-8809-E644806E44D2}.Ad-Hoc|x86.Build.0 = Release|iPhone
		{2C43B47F-3D07-484E-8809-E644806E44D2}.AppStore|Any CPU.ActiveCfg = Release|iPhone
		{2C43B47F-3D07-484E-8809-E644806E44D2}.AppStore|Any CPU.Build.0 = Release|iPhone
		{2C43B47F-3D07-484E-8809-E644806E44D2}.AppStore|ARM.ActiveCfg = Release|iPhone
		{2C43B47F-3D07-484E-8809-E644806E44D2}.AppStore|ARM.Build.0 = Release|iPhone
		{2C43B47F-3D07-484E-8809-E644806E44D2}.AppStore|iPhone.ActiveCfg = Release|iPhone
		{2C43B47F-3D07-484E-8809-E644806E44D2}.AppStore|iPhone.Build.0 = Release|iPhone
		{2C43B47F-3D07-484E-8809-E644806E44D2}.AppStore|iPhoneSimulator.ActiveCfg = Release|iPhoneSimulator
		{2C43B47F-3D07-484E-8809-E644806E44D2}.AppStore|iPhoneSimulator.Build.0 = Release|iPhoneSimulator
		{2C43B47F-3D07-484E-8809-E644806E44D2}.AppStore|x64.ActiveCfg = Release|iPhone
		{2C43B47F-3D07-484E-8809-E644806E44D2}.AppStore|x64.Build.0 = Release|iPhone
		{2C43B47F-3D07-484E-8809-E644806E44D2}.AppStore|x86.ActiveCfg = Release|iPhone
		{2C43B47F-3D07-484E-8809-E644806E44D2}.AppStore|x86.Build.0 = Release|iPhone
		{2C43B47F-3D07-484E-8809-E644806E44D2}.Debug|Any CPU.ActiveCfg = Debug|iPhone
		{2C43B47F-3D07-484E-8809-E644806E44D2}.Debug|ARM.ActiveCfg = Debug|iPhone
		{2C43B47F-3D07-484E-8809-E644806E44D2}.Debug|iPhone.ActiveCfg = Debug|iPhone
		{2C43B47F-3D07-484E-8809-E644806E44D2}.Debug|iPhone.Build.0 = Debug|iPhone
		{2C43B47F-3D07-484E-8809-E644806E44D2}.Debug|iPhoneSimulator.ActiveCfg = Debug|iPhoneSimulator
		{2C43B47F-3D07-484E-8809-E644806E44D2}.Debug|iPhoneSimulator.Build.0 = Debug|iPhoneSimulator
		{2C43B47F-3D07-484E-8809-E644806E44D2}.Debug|x64.ActiveCfg = Debug|iPhone
		{2C43B47F-3D07-484E-8809-E644806E44D2}.Debug|x86.ActiveCfg = Debug|iPhone
		{2C43B47F-3D07-484E-8809-E644806E44D2}.Release|Any CPU.ActiveCfg = Release|iPhone
		{2C43B47F-3D07-484E-8809-E644806E44D2}.Release|ARM.ActiveCfg = Release|iPhone
		{2C43B47F-3D07-484E-8809-E644806E44D2}.Release|iPhone.ActiveCfg = Release|iPhone
		{2C43B47F-3D07-484E-8809-E644806E44D2}.Release|iPhone.Build.0 = Release|iPhone
		{2C43B47F-3D07-484E-8809-E644806E44D2}.Release|iPhoneSimulator.ActiveCfg = Release|iPhoneSimulator
		{2C43B47F-3D07-484E-8809-E644806E44D2}.Release|iPhoneSimulator.Build.0 = Release|iPhoneSimulator
		{2C43B47F-3D07-484E-8809-E644806E44D2}.Release|x64.ActiveCfg = Release|iPhone
		{2C43B47F-3D07-484E-8809-E644806E44D2}.Release|x86.ActiveCfg = Release|iPhone
	EndGlobalSection
	GlobalSection(SolutionProperties) = preSolution
		HideSolutionNode = FALSE
	EndGlobalSection
	GlobalSection(NestedProjects) = preSolution
		{5862AF04-26C5-4981-A2D8-3238424457DE} = {58CBF597-9C6A-4148-83CD-36E551B9D34B}
		{A1E8F300-FA51-47FF-9E23-FC0CCA385239} = {0BFF0F82-1039-48B0-B1CD-10324BC795D7}
		{4A03810C-1235-439A-95E7-5553E0AF6240} = {0BFF0F82-1039-48B0-B1CD-10324BC795D7}
		{416D205B-3AF7-4E8C-A0D3-FC532AA6FBDE} = {A1E8F300-FA51-47FF-9E23-FC0CCA385239}
		{EEE3CE9B-78DB-4F77-A525-9159E18C6A06} = {A1E8F300-FA51-47FF-9E23-FC0CCA385239}
		{3D3B2C1B-646E-4AE7-A283-D8DE4B3C0D86} = {A1E8F300-FA51-47FF-9E23-FC0CCA385239}
		{EDBFF2A5-C19A-4F08-B741-D241BC6B2F51} = {A1E8F300-FA51-47FF-9E23-FC0CCA385239}
		{38F08743-37BA-497D-A33B-7314ABD35BEC} = {58CBF597-9C6A-4148-83CD-36E551B9D34B}
		{27CD3DB1-D674-4B2D-89DD-008C2C4D9C07} = {0BFF0F82-1039-48B0-B1CD-10324BC795D7}
		{EF7E5682-4054-4817-B0A4-B0007C6C290B} = {4A03810C-1235-439A-95E7-5553E0AF6240}
		{2C43B47F-3D07-484E-8809-E644806E44D2} = {4A03810C-1235-439A-95E7-5553E0AF6240}
	EndGlobalSection
	GlobalSection(ExtensibilityGlobals) = postSolution
		RESX_PrefixTranslations = False
		SolutionGuid = {A8AEDE9C-781F-4977-B898-9FBE076923ED}
	EndGlobalSection
EndGlobal
